
Microsoft Visual Studio Solution File, Format Version 12.00
# Visual Studio 15
VisualStudioVersion = 15.0.28307.572
MinimumVisualStudioVersion = 10.0.40219.1
Project("{FAE04EC0-301F-11D3-BF4B-00C04F79EFBC}") = "ProductCostPlatform", "ProductCostPlatform.csproj", "{7823FAEF-8BC3-40CC-A5F4-AE086FE02D3E}"
EndProject
Project("{FAE04EC0-301F-11D3-BF4B-00C04F79EFBC}") = "BaseCoversionTwo", "..\..\ConsoleApp1\BaseCoversionTwo\BaseCoversionTwo.csproj", "{9ECFA982-8A57-4B09-959E-96EB5BBA93FC}"
EndProject
Project("{FAE04EC0-301F-11D3-BF4B-00C04F79EFBC}") = "UseOfLibrary", "..\UseOfLibrary\UseOfLibrary.csproj", "{359D4A25-FE17-4337-81D0-E5D3802D856D}"
EndProject
Project("{FAE04EC0-301F-11D3-BF4B-00C04F79EFBC}") = "DavidUtilityLibrary", "..\UtiliyLibrary\DavidUtilityLibrary.csproj", "{955AFDB7-942C-4C83-90D3-731AD8C8BBAB}"
EndProject
Project("{FAE04EC0-301F-11D3-BF4B-00C04F79EFBC}") = "NumberToWords", "..\..\ConsoleApp2\NumberToWords\NumberToWords.csproj", "{B372E682-566E-4550-91CD-0F7CF5702430}"
EndProject
Global
	GlobalSection(SolutionConfigurationPlatforms) = preSolution
		Debug|Any CPU = Debug|Any CPU
		Release|Any CPU = Release|Any CPU
	EndGlobalSection
	GlobalSection(ProjectConfigurationPlatforms) = postSolution
		{7823FAEF-8BC3-40CC-A5F4-AE086FE02D3E}.Debug|Any CPU.ActiveCfg = Debug|Any CPU
		{7823FAEF-8BC3-40CC-A5F4-AE086FE02D3E}.Debug|Any CPU.Build.0 = Debug|Any CPU
		{7823FAEF-8BC3-40CC-A5F4-AE086FE02D3E}.Release|Any CPU.ActiveCfg = Release|Any CPU
		{7823FAEF-8BC3-40CC-A5F4-AE086FE02D3E}.Release|Any CPU.Build.0 = Release|Any CPU
		{9ECFA982-8A57-4B09-959E-96EB5BBA93FC}.Debug|Any CPU.ActiveCfg = Debug|Any CPU
		{9ECFA982-8A57-4B09-959E-96EB5BBA93FC}.Debug|Any CPU.Build.0 = Debug|Any CPU
		{9ECFA982-8A57-4B09-959E-96EB5BBA93FC}.Release|Any CPU.ActiveCfg = Release|Any CPU
		{9ECFA982-8A57-4B09-959E-96EB5BBA93FC}.Release|Any CPU.Build.0 = Release|Any CPU
		{359D4A25-FE17-4337-81D0-E5D3802D856D}.Debug|Any CPU.ActiveCfg = Debug|Any CPU
		{359D4A25-FE17-4337-81D0-E5D3802D856D}.Debug|Any CPU.Build.0 = Debug|Any CPU
		{359D4A25-FE17-4337-81D0-E5D3802D856D}.Release|Any CPU.ActiveCfg = Release|Any CPU
		{359D4A25-FE17-4337-81D0-E5D3802D856D}.Release|Any CPU.Build.0 = Release|Any CPU
		{955AFDB7-942C-4C83-90D3-731AD8C8BBAB}.Debug|Any CPU.ActiveCfg = Debug|Any CPU
		{955AFDB7-942C-4C83-90D3-731AD8C8BBAB}.Debug|Any CPU.Build.0 = Debug|Any CPU
		{955AFDB7-942C-4C83-90D3-731AD8C8BBAB}.Release|Any CPU.ActiveCfg = Release|Any CPU
		{955AFDB7-942C-4C83-90D3-731AD8C8BBAB}.Release|Any CPU.Build.0 = Release|Any CPU
		{B372E682-566E-4550-91CD-0F7CF5702430}.Debug|Any CPU.ActiveCfg = Debug|Any CPU
		{B372E682-566E-4550-91CD-0F7CF5702430}.Debug|Any CPU.Build.0 = Debug|Any CPU
		{B372E682-566E-4550-91CD-0F7CF5702430}.Release|Any CPU.ActiveCfg = Release|Any CPU
		{B372E682-566E-4550-91CD-0F7CF5702430}.Release|Any CPU.Build.0 = Release|Any CPU
	EndGlobalSection
	GlobalSection(SolutionProperties) = preSolution
		HideSolutionNode = FALSE
	EndGlobalSection
	GlobalSection(ExtensibilityGlobals) = postSolution
		SolutionGuid = {C0B54946-342C-44D6-85AC-F1FF4B28BD3A}
	EndGlobalSection
EndGlobal
